
Microsoft Visual Studio Solution File, Format Version 12.00
# Visual Studio Version 17
VisualStudioVersion = 17.0.32112.339
MinimumVisualStudioVersion = 10.0.40219.1
Project("{FAE04EC0-301F-11D3-BF4B-00C04F79EFBC}") = "SWENG 421 Lab7", "SWENG 421 Lab7\SWENG 421 Lab7.csproj", "{810A4CD4-A362-4C3E-BFCB-044C71F522B6}"
EndProject
Global
	GlobalSection(SolutionConfigurationPlatforms) = preSolution
		Debug|Any CPU = Debug|Any CPU
		Release|Any CPU = Release|Any CPU
	EndGlobalSection
	GlobalSection(ProjectConfigurationPlatforms) = postSolution
		{810A4CD4-A362-4C3E-BFCB-044C71F522B6}.Debug|Any CPU.ActiveCfg = Debug|Any CPU
		{810A4CD4-A362-4C3E-BFCB-044C71F522B6}.Debug|Any CPU.Build.0 = Debug|Any CPU
		{810A4CD4-A362-4C3E-BFCB-044C71F522B6}.Release|Any CPU.ActiveCfg = Release|Any CPU
		{810A4CD4-A362-4C3E-BFCB-044C71F522B6}.Release|Any CPU.Build.0 = Release|Any CPU
	EndGlobalSection
	GlobalSection(SolutionProperties) = preSolution
		HideSolutionNode = FALSE
	EndGlobalSection
	GlobalSection(ExtensibilityGlobals) = postSolution
		SolutionGuid = {C6FFF516-2140-45DC-B220-A1B9D69760BE}
	EndGlobalSection
EndGlobal
